lockfileVersion: '6.0'

settings:
  autoInstallPeers: true
  excludeLinksFromLockfile: false

devDependencies:
  '@types/node':
    specifier: ^16.18.88
    version: 16.18.88
  prettier:
    specifier: ^3.2.5
    version: 3.2.5
  typescript:
    specifier: ^5.4.2
    version: 5.4.2

packages:

  /@types/node@16.18.88:
    resolution: {integrity: sha512-Za3eRO5y0UWShynpsbNq/Dtqjc+g3GM9/PnrebiWiU4pYa5dOQbpCGuZ7ICqbiZ0JvLaZZ4eq7t5cSts2IEgkg==}
    dev: true

  /prettier@3.2.5:
    resolution: {integrity: sha512-3/GWa9aOC0YeD7LUfvOG2NiDyhOWRvt1k+rcKhOuYnMY24iiCphgneUfJDyFXd6rZCAnuLBv6UeAULtrhT/F4A==}
    engines: {node: '>=14'}
    hasBin: true
    dev: true

  /typescript@5.4.2:
    resolution: {integrity: sha512-+2/g0Fds1ERlP6JsakQQDXjZdZMM+rqpamFZJEKh4kwTIn3iDkgKtby0CeNd5ATNZ4Ry1ax15TMx0W2V+miizQ==}
    engines: {node: '>=14.17'}
    hasBin: true
    dev: true
